
Microsoft Visual Studio Solution File, Format Version 12.00
# Visual Studio Version 17
VisualStudioVersion = 17.9.34607.119
MinimumVisualStudioVersion = 10.0.40219.1
Project("{FAE04EC0-301F-11D3-BF4B-00C04F79EFBC}") = "WAD.CODEBASE.00016643", "WAD.CODEBASE.00016643\WAD.CODEBASE.00016643.csproj", "{974896F7-B05A-4A51-AFD5-4967CED32A25}"
EndProject
Global
	GlobalSection(SolutionConfigurationPlatforms) = preSolution
		Debug|Any CPU = Debug|Any CPU
		Release|Any CPU = Release|Any CPU
	EndGlobalSection
	GlobalSection(ProjectConfigurationPlatforms) = postSolution
		{974896F7-B05A-4A51-AFD5-4967CED32A25}.Debug|Any CPU.ActiveCfg = Debug|Any CPU
		{974896F7-B05A-4A51-AFD5-4967CED32A25}.Debug|Any CPU.Build.0 = Debug|Any CPU
		{974896F7-B05A-4A51-AFD5-4967CED32A25}.Release|Any CPU.ActiveCfg = Release|Any CPU
		{974896F7-B05A-4A51-AFD5-4967CED32A25}.Release|Any CPU.Build.0 = Release|Any CPU
	EndGlobalSection
	GlobalSection(SolutionProperties) = preSolution
		HideSolutionNode = FALSE
	EndGlobalSection
	GlobalSection(ExtensibilityGlobals) = postSolution
		SolutionGuid = {BABE7147-B81E-4A1C-B329-5441DDA14AC5}
	EndGlobalSection
EndGlobal
